{
  "version": 4,
  "terraform_version": "0.14.7",
  "serial": 7,
  "lineage": "3f65b933-84b0-f8de-9031-7d6d351f7539",
  "outputs": {},
  "resources": [
    {
      "mode": "managed",
      "type": "aws_network_interface",
      "name": "nic",
      "provider": "provider[\"registry.terraform.io/hashicorp/aws\"]",
      "instances": [
        {
          "schema_version": 0,
          "attributes": {
            "attachment": [],
            "description": "",
            "id": "eni-0431786bce5fa44d8",
            "ipv6_address_count": 0,
            "ipv6_addresses": [],
            "mac_address": "0a:3a:f8:fd:53:fa",
            "outpost_arn": "",
            "private_dns_name": "ip-172-31-16-5.ap-southeast-2.compute.internal",
            "private_ip": "172.31.16.5",
            "private_ips": [
              "172.31.16.5"
            ],
            "private_ips_count": 0,
            "security_groups": [
              "sg-a260ccef"
            ],
            "source_dest_check": true,
            "subnet_id": "subnet-44b2f71c",
            "tags": {
              "Name": "webserver_network_interface"
            }
          },
          "sensitive_attributes": [],
          "private": "bnVsbA=="
        }
      ]
    }
  ]
}
