{
  "version": 4,
  "terraform_version": "0.14.7",
  "serial": 12,
  "lineage": "3f65b933-84b0-f8de-9031-7d6d351f7539",
  "outputs": {},
  "resources": [
    {
      "mode": "managed",
      "type": "aws_instance",
      "name": "webserver",
      "provider": "provider[\"registry.terraform.io/hashicorp/aws\"]",
      "instances": [
        {
          "schema_version": 1,
          "attributes": {
            "ami": "ami-0efe874dc329d88df",
            "arn": "arn:aws:ec2:ap-southeast-2:490095429514:instance/i-0f74dd5205cbbef31",
            "associate_public_ip_address": true,
            "availability_zone": "ap-southeast-2c",
            "cpu_core_count": 1,
            "cpu_threads_per_core": 1,
            "credit_specification": [
              {
                "cpu_credits": "standard"
              }
            ],
            "disable_api_termination": false,
            "ebs_block_device": [],
            "ebs_optimized": false,
            "enclave_options": [
              {
                "enabled": false
              }
            ],
            "ephemeral_block_device": [],
            "get_password_data": false,
            "hibernation": false,
            "host_id": null,
            "iam_instance_profile": "",
            "id": "i-0f74dd5205cbbef31",
            "instance_initiated_shutdown_behavior": null,
            "instance_state": "running",
            "instance_type": "t2.micro",
            "ipv6_address_count": 0,
            "ipv6_addresses": [],
            "key_name": "alphaiocloudskills",
            "metadata_options": [
              {
                "http_endpoint": "enabled",
                "http_put_response_hop_limit": 1,
                "http_tokens": "optional"
              }
            ],
            "monitoring": false,
            "network_interface": [
              {
                "delete_on_termination": false,
                "device_index": 0,
                "network_interface_id": "eni-0f50ec0fff68e36bb"
              }
            ],
            "outpost_arn": "",
            "password_data": "",
            "placement_group": "",
            "primary_network_interface_id": "eni-0f50ec0fff68e36bb",
            "private_dns": "ip-172-31-16-5.ap-southeast-2.compute.internal",
            "private_ip": "172.31.16.5",
            "public_dns": "ec2-13-211-54-174.ap-southeast-2.compute.amazonaws.com",
            "public_ip": "13.211.54.174",
            "root_block_device": [
              {
                "delete_on_termination": true,
                "device_name": "/dev/sda1",
                "encrypted": false,
                "iops": 100,
                "kms_key_id": "",
                "tags": {},
                "throughput": 0,
                "volume_id": "vol-061efb7ec7872678a",
                "volume_size": 30,
                "volume_type": "gp2"
              }
            ],
            "secondary_private_ips": [],
            "security_groups": [
              "default"
            ],
            "source_dest_check": true,
            "subnet_id": "subnet-44b2f71c",
            "tags": {
              "Name": "cloudskillsweb"
            },
            "tenancy": "default",
            "timeouts": null,
            "user_data": null,
            "user_data_base64": null,
            "volume_tags": null,
            "vpc_security_group_ids": [
              "sg-a260ccef"
            ]
          },
          "sensitive_attributes": [],
          "private": "eyJlMmJmYjczMC1lY2FhLTExZTYtOGY4OC0zNDM2M2JjN2M0YzAiOnsiY3JlYXRlIjo2MDAwMDAwMDAwMDAsImRlbGV0ZSI6MTIwMDAwMDAwMDAwMCwidXBkYXRlIjo2MDAwMDAwMDAwMDB9LCJzY2hlbWFfdmVyc2lvbiI6IjEifQ==",
          "dependencies": [
            "aws_network_interface.nic"
          ]
        }
      ]
    },
    {
      "mode": "managed",
      "type": "aws_network_interface",
      "name": "nic",
      "provider": "provider[\"registry.terraform.io/hashicorp/aws\"]",
      "instances": [
        {
          "schema_version": 0,
          "attributes": {
            "attachment": [],
            "description": "",
            "id": "eni-0f50ec0fff68e36bb",
            "ipv6_address_count": 0,
            "ipv6_addresses": [],
            "mac_address": "0a:4c:37:24:a6:62",
            "outpost_arn": "",
            "private_dns_name": "ip-172-31-16-5.ap-southeast-2.compute.internal",
            "private_ip": "172.31.16.5",
            "private_ips": [
              "172.31.16.5"
            ],
            "private_ips_count": 0,
            "security_groups": [
              "sg-a260ccef"
            ],
            "source_dest_check": true,
            "subnet_id": "subnet-44b2f71c",
            "tags": {
              "Name": "webserver_network_interface"
            }
          },
          "sensitive_attributes": [],
          "private": "bnVsbA=="
        }
      ]
    }
  ]
}
